
Microsoft Visual Studio Solution File, Format Version 12.00
# Visual Studio Version 17
VisualStudioVersion = 17.9.34622.214
MinimumVisualStudioVersion = 10.0.40219.1
Project("{FAE04EC0-301F-11D3-BF4B-00C04F79EFBC}") = "Service", "Service\Service.csproj", "{39F43E96-96AB-4241-80BD-AD3D6381147A}"
EndProject
Project("{FAE04EC0-301F-11D3-BF4B-00C04F79EFBC}") = "Client", "Client\Client.csproj", "{38534829-40CF-4BD2-87BC-5DE23AF45802}"
EndProject
Project("{FAE04EC0-301F-11D3-BF4B-00C04F79EFBC}") = "Common", "Common\Common.csproj", "{C8DB3358-F3AF-4326-90AD-7FA793BE5AA1}"
EndProject
Global
	GlobalSection(SolutionConfigurationPlatforms) = preSolution
		Debug|Any CPU = Debug|Any CPU
		Release|Any CPU = Release|Any CPU
	EndGlobalSection
	GlobalSection(ProjectConfigurationPlatforms) = postSolution
		{39F43E96-96AB-4241-80BD-AD3D6381147A}.Debug|Any CPU.ActiveCfg = Debug|Any CPU
		{39F43E96-96AB-4241-80BD-AD3D6381147A}.Debug|Any CPU.Build.0 = Debug|Any CPU
		{39F43E96-96AB-4241-80BD-AD3D6381147A}.Release|Any CPU.ActiveCfg = Release|Any CPU
		{39F43E96-96AB-4241-80BD-AD3D6381147A}.Release|Any CPU.Build.0 = Release|Any CPU
		{38534829-40CF-4BD2-87BC-5DE23AF45802}.Debug|Any CPU.ActiveCfg = Debug|Any CPU
		{38534829-40CF-4BD2-87BC-5DE23AF45802}.Debug|Any CPU.Build.0 = Debug|Any CPU
		{38534829-40CF-4BD2-87BC-5DE23AF45802}.Release|Any CPU.ActiveCfg = Release|Any CPU
		{38534829-40CF-4BD2-87BC-5DE23AF45802}.Release|Any CPU.Build.0 = Release|Any CPU
		{C8DB3358-F3AF-4326-90AD-7FA793BE5AA1}.Debug|Any CPU.ActiveCfg = Debug|Any CPU
		{C8DB3358-F3AF-4326-90AD-7FA793BE5AA1}.Debug|Any CPU.Build.0 = Debug|Any CPU
		{C8DB3358-F3AF-4326-90AD-7FA793BE5AA1}.Release|Any CPU.ActiveCfg = Release|Any CPU
		{C8DB3358-F3AF-4326-90AD-7FA793BE5AA1}.Release|Any CPU.Build.0 = Release|Any CPU
	EndGlobalSection
	GlobalSection(SolutionProperties) = preSolution
		HideSolutionNode = FALSE
	EndGlobalSection
	GlobalSection(ExtensibilityGlobals) = postSolution
		SolutionGuid = {0744C55B-DAA2-432D-A1DF-AA8970E47E85}
	EndGlobalSection
EndGlobal
